{
  "nodes": {
    "flake-parts": {
      "inputs": {
        "nixpkgs-lib": [
          "utils",
          "nixvim",
          "nixpkgs"
        ]
      },
      "locked": {
        "lastModified": 1775087534,
        "narHash": "sha256-91qqW8lhL7TLwgQWijoGBbiD4t7/q75KTi8NxjVmSmA=",
        "owner": "hercules-ci",
        "repo": "flake-parts",
        "rev": "3107b77cd68437b9a76194f0f7f9c55f2329ca5b",
        "type": "github"
      },
      "original": {
        "owner": "hercules-ci",
        "repo": "flake-parts",
        "type": "github"
      }
    },
    "neovim": {
      "inputs": {
        "nixpkgs": [
          "utils",
          "nixpkgs"
        ],
        "nixvim": [
          "utils",
          "nixvim"
        ],
        "utils": "utils_2"
      },
      "locked": {
        "lastModified": 1776518956,
        "narHash": "sha256-HDwkSBrU8IFaZEkn1ecQby0U4mA7TfDLaH7aYlP/B94=",
        "owner": "vivAnicc",
        "repo": "neovim",
        "rev": "02d49c101f0294ddf5ad18afe52ba79576580e71",
        "type": "github"
      },
      "original": {
        "owner": "vivAnicc",
        "repo": "neovim",
        "type": "github"
      }
    },
    "nixpkgs": {
      "locked": {
        "lastModified": 1776329215,
        "narHash": "sha256-a8BYi3mzoJ/AcJP8UldOx8emoPRLeWqALZWu4ZvjPXw=",
        "owner": "NixOS",
        "repo": "nixpkgs",
        "rev": "b86751bc4085f48661017fa226dee99fab6c651b",
        "type": "github"
      },
      "original": {
        "owner": "NixOS",
        "ref": "nixpkgs-unstable",
        "repo": "nixpkgs",
        "type": "github"
      }
    },
    "nixvim": {
      "inputs": {
        "flake-parts": "flake-parts",
        "nixpkgs": [
          "utils",
          "nixpkgs"
        ],
        "systems": "systems"
      },
      "locked": {
        "lastModified": 1776452249,
        "narHash": "sha256-tpCsY9kIEfcitiV3JwUqYTmxwewwZKQlZSNUBqb9kF0=",
        "owner": "nix-community",
        "repo": "nixvim",
        "rev": "698d17490e19e2e360a6ce49b1af9134d1c6eacd",
        "type": "github"
      },
      "original": {
        "owner": "nix-community",
        "repo": "nixvim",
        "type": "github"
      }
    },
    "root": {
      "inputs": {
        "nixpkgs": "nixpkgs",
        "utils": "utils"
      }
    },
    "systems": {
      "locked": {
        "lastModified": 1681028828,
        "narHash": "sha256-Vy1rq5AaRuLzOxct8nz4T6wlgyUR7zLU309k9mBC768=",
        "owner": "nix-systems",
        "repo": "default",
        "rev": "da67096a3b9bf56a91d16901293e51ba5b49a27e",
        "type": "github"
      },
      "original": {
        "owner": "nix-systems",
        "repo": "default",
        "type": "github"
      }
    },
    "utils": {
      "inputs": {
        "neovim": "neovim",
        "nixpkgs": [
          "nixpkgs"
        ],
        "nixvim": "nixvim"
      },
      "locked": {
        "lastModified": 1776519092,
        "narHash": "sha256-yYVShwG9cu53jAazMGE4gvh4IeXKab4N11F85G6MZ1o=",
        "owner": "vivAnicc",
        "repo": "nix-utils",
        "rev": "04be93a5ef0d53f0e0d20406f67b04d719819079",
        "type": "github"
      },
      "original": {
        "owner": "vivAnicc",
        "repo": "nix-utils",
        "type": "github"
      }
    },
    "utils_2": {
      "inputs": {
        "nixpkgs": [
          "utils",
          "neovim",
          "nixpkgs"
        ]
      },
      "locked": {
        "lastModified": 1765804397,
        "narHash": "sha256-jizCYyJhNKZijUgCgSXr0HZWHVA+fGgfdXyV18koguM=",
        "owner": "vivAnicc",
        "repo": "nix-utils",
        "rev": "63da4aa635402cccbcd85515a0e285560998f03f",
        "type": "github"
      },
      "original": {
        "owner": "vivAnicc",
        "repo": "nix-utils",
        "type": "github"
      }
    }
  },
  "root": "root",
  "version": 7
}
